PODS:
  - DTButtonMenuController (1.0.5)

DEPENDENCIES:
  - DTButtonMenuController (from `../`)

EXTERNAL SOURCES:
  DTButtonMenuController:
    :path: "../"

SPEC CHECKSUMS:
  DTButtonMenuController: 6997f0d917d649b8e0ea9609d572147ee1608f61

PODFILE CHECKSUM: 90f9954261e2efa5de3ec7f3243cc07e0aeebcd7

COCOAPODS: 1.6.1
